<Solution>
  <Folder Name="/src/">
    <Project Path="src/Hormiguero.Diseno/Hormiguero.Diseno.csproj" />
    <Project Path="src/Hormiguero.Nucleo/Hormiguero.Nucleo.csproj" />
  </Folder>
  <Folder Name="/tests/">
    <Project Path="tests/Hormiguero.Nucleo.Tests/Hormiguero.Nucleo.Tests.csproj" />
  </Folder>
</Solution>
